
Microsoft Visual Studio Solution File, Format Version 12.00
Project("{FAE04EC0-301F-11D3-BF4B-00C04F79EFBC}") = "ERP", "ERP\ERP.csproj", "{FF04E97D-7EC6-4A3A-AE2C-F93A6EA3917C}"
EndProject
Project("{FAE04EC0-301F-11D3-BF4B-00C04F79EFBC}") = "ERPTest", "ERPTest\ERPTest.csproj", "{51E7AB03-F842-42E6-B4B5-5366F36E8670}"
EndProject
Global
	GlobalSection(SolutionConfigurationPlatforms) = preSolution
		Debug|Any CPU = Debug|Any CPU
		Release|Any CPU = Release|Any CPU
	EndGlobalSection
	GlobalSection(ProjectConfigurationPlatforms) = postSolution
		{FF04E97D-7EC6-4A3A-AE2C-F93A6EA3917C}.Debug|Any CPU.ActiveCfg = Debug|Any CPU
		{FF04E97D-7EC6-4A3A-AE2C-F93A6EA3917C}.Debug|Any CPU.Build.0 = Debug|Any CPU
		{FF04E97D-7EC6-4A3A-AE2C-F93A6EA3917C}.Release|Any CPU.ActiveCfg = Release|Any CPU
		{FF04E97D-7EC6-4A3A-AE2C-F93A6EA3917C}.Release|Any CPU.Build.0 = Release|Any CPU
		{51E7AB03-F842-42E6-B4B5-5366F36E8670}.Debug|Any CPU.ActiveCfg = Debug|Any CPU
		{51E7AB03-F842-42E6-B4B5-5366F36E8670}.Debug|Any CPU.Build.0 = Debug|Any CPU
		{51E7AB03-F842-42E6-B4B5-5366F36E8670}.Release|Any CPU.ActiveCfg = Release|Any CPU
		{51E7AB03-F842-42E6-B4B5-5366F36E8670}.Release|Any CPU.Build.0 = Release|Any CPU
	EndGlobalSection
EndGlobal
