
Microsoft Visual Studio Solution File, Format Version 12.00
Project("{FAE04EC0-301F-11D3-BF4B-00C04F79EFBC}") = "ERPSysZoo", "ERPSysZoo.csproj", "{9E0B0A38-3282-44E2-8574-3C77317C31FE}"
EndProject
Project("{FAE04EC0-301F-11D3-BF4B-00C04F79EFBC}") = "ERPSysZoo.Tests", "ERPSysZoo.Tests\ERPSysZoo.Tests.csproj", "{42C88ABD-4EF3-4270-AEE0-5B47FF23D560}"
EndProject
Global
	GlobalSection(SolutionConfigurationPlatforms) = preSolution
		Debug|Any CPU = Debug|Any CPU
		Release|Any CPU = Release|Any CPU
	EndGlobalSection
	GlobalSection(ProjectConfigurationPlatforms) = postSolution
		{9E0B0A38-3282-44E2-8574-3C77317C31FE}.Debug|Any CPU.ActiveCfg = Debug|Any CPU
		{9E0B0A38-3282-44E2-8574-3C77317C31FE}.Debug|Any CPU.Build.0 = Debug|Any CPU
		{9E0B0A38-3282-44E2-8574-3C77317C31FE}.Release|Any CPU.ActiveCfg = Release|Any CPU
		{9E0B0A38-3282-44E2-8574-3C77317C31FE}.Release|Any CPU.Build.0 = Release|Any CPU
		{42C88ABD-4EF3-4270-AEE0-5B47FF23D560}.Debug|Any CPU.ActiveCfg = Debug|Any CPU
		{42C88ABD-4EF3-4270-AEE0-5B47FF23D560}.Debug|Any CPU.Build.0 = Debug|Any CPU
		{42C88ABD-4EF3-4270-AEE0-5B47FF23D560}.Release|Any CPU.ActiveCfg = Release|Any CPU
		{42C88ABD-4EF3-4270-AEE0-5B47FF23D560}.Release|Any CPU.Build.0 = Release|Any CPU
	EndGlobalSection
EndGlobal
